Microsoft Visual Studio Solution File, Format Version 12.00
# Visual Studio Version 16
VisualStudioVersion = 16.0.0.0
MinimumVisualStudioVersion = 16.0.0.0
Project("{9A19103F-16F7-4668-BE54-9A1E7A4F7556}") = "BlazingChat.Server", "Server\BlazingChat.Server.csproj", "{9F4942BD-EEB1-40BC-A2A7-F444A266387C}"
EndProject
Project("{9A19103F-16F7-4668-BE54-9A1E7A4F7556}") = "BlazingChat.Client", "Client\BlazingChat.Client.csproj", "{7BA7E5B9-0B13-49E3-90D1-B83E5320F284}"
EndProject
Project("{9A19103F-16F7-4668-BE54-9A1E7A4F7556}") = "BlazingChat.Shared", "Shared\BlazingChat.Shared.csproj", "{4E478E2C-1E6B-49A4-AEDD-68B9DB16C5A5}"
EndProject
Project("{9A19103F-16F7-4668-BE54-9A1E7A4F7556}") = "ThirdPartyChatLib", "ThirdPartyChatLib\ThirdPartyChatLib.csproj", "{76A055DB-676A-40D8-8290-2466D0848567}"
EndProject
Global
	GlobalSection(SolutionConfigurationPlatforms) = preSolution
		Debug|Any CPU = Debug|Any CPU
		Debug|x64 = Debug|x64
		Debug|x86 = Debug|x86
		Release|Any CPU = Release|Any CPU
		Release|x64 = Release|x64
		Release|x86 = Release|x86
	EndGlobalSection
	GlobalSection(ProjectConfigurationPlatforms) = postSolution
		{9F4942BD-EEB1-40BC-A2A7-F444A266387C}.Debug|Any CPU.ActiveCfg = Debug|Any CPU
		{9F4942BD-EEB1-40BC-A2A7-F444A266387C}.Debug|Any CPU.Build.0 = Debug|Any CPU
		{9F4942BD-EEB1-40BC-A2A7-F444A266387C}.Debug|x64.ActiveCfg = Debug|Any CPU
		{9F4942BD-EEB1-40BC-A2A7-F444A266387C}.Debug|x64.Build.0 = Debug|Any CPU
		{9F4942BD-EEB1-40BC-A2A7-F444A266387C}.Debug|x86.ActiveCfg = Debug|Any CPU
		{9F4942BD-EEB1-40BC-A2A7-F444A266387C}.Debug|x86.Build.0 = Debug|Any CPU
		{9F4942BD-EEB1-40BC-A2A7-F444A266387C}.Release|Any CPU.ActiveCfg = Release|Any CPU
		{9F4942BD-EEB1-40BC-A2A7-F444A266387C}.Release|Any CPU.Build.0 = Release|Any CPU
		{9F4942BD-EEB1-40BC-A2A7-F444A266387C}.Release|x64.ActiveCfg = Release|Any CPU
		{9F4942BD-EEB1-40BC-A2A7-F444A266387C}.Release|x64.Build.0 = Release|Any CPU
		{9F4942BD-EEB1-40BC-A2A7-F444A266387C}.Release|x86.ActiveCfg = Release|Any CPU
		{9F4942BD-EEB1-40BC-A2A7-F444A266387C}.Release|x86.Build.0 = Release|Any CPU
		{7BA7E5B9-0B13-49E3-90D1-B83E5320F284}.Debug|Any CPU.ActiveCfg = Debug|Any CPU
		{7BA7E5B9-0B13-49E3-90D1-B83E5320F284}.Debug|Any CPU.Build.0 = Debug|Any CPU
		{7BA7E5B9-0B13-49E3-90D1-B83E5320F284}.Debug|x64.ActiveCfg = Debug|Any CPU
		{7BA7E5B9-0B13-49E3-90D1-B83E5320F284}.Debug|x64.Build.0 = Debug|Any CPU
		{7BA7E5B9-0B13-49E3-90D1-B83E5320F284}.Debug|x86.ActiveCfg = Debug|Any CPU
		{7BA7E5B9-0B13-49E3-90D1-B83E5320F284}.Debug|x86.Build.0 = Debug|Any CPU
		{7BA7E5B9-0B13-49E3-90D1-B83E5320F284}.Release|Any CPU.ActiveCfg = Release|Any CPU
		{7BA7E5B9-0B13-49E3-90D1-B83E5320F284}.Release|Any CPU.Build.0 = Release|Any CPU
		{7BA7E5B9-0B13-49E3-90D1-B83E5320F284}.Release|x64.ActiveCfg = Release|Any CPU
		{7BA7E5B9-0B13-49E3-90D1-B83E5320F284}.Release|x64.Build.0 = Release|Any CPU
		{7BA7E5B9-0B13-49E3-90D1-B83E5320F284}.Release|x86.ActiveCfg = Release|Any CPU
		{7BA7E5B9-0B13-49E3-90D1-B83E5320F284}.Release|x86.Build.0 = Release|Any CPU
		{4E478E2C-1E6B-49A4-AEDD-68B9DB16C5A5}.Debug|Any CPU.ActiveCfg = Debug|Any CPU
		{4E478E2C-1E6B-49A4-AEDD-68B9DB16C5A5}.Debug|Any CPU.Build.0 = Debug|Any CPU
		{4E478E2C-1E6B-49A4-AEDD-68B9DB16C5A5}.Debug|x64.ActiveCfg = Debug|Any CPU
		{4E478E2C-1E6B-49A4-AEDD-68B9DB16C5A5}.Debug|x64.Build.0 = Debug|Any CPU
		{4E478E2C-1E6B-49A4-AEDD-68B9DB16C5A5}.Debug|x86.ActiveCfg = Debug|Any CPU
		{4E478E2C-1E6B-49A4-AEDD-68B9DB16C5A5}.Debug|x86.Build.0 = Debug|Any CPU
		{4E478E2C-1E6B-49A4-AEDD-68B9DB16C5A5}.Release|Any CPU.ActiveCfg = Release|Any CPU
		{4E478E2C-1E6B-49A4-AEDD-68B9DB16C5A5}.Release|Any CPU.Build.0 = Release|Any CPU
		{4E478E2C-1E6B-49A4-AEDD-68B9DB16C5A5}.Release|x64.ActiveCfg = Release|Any CPU
		{4E478E2C-1E6B-49A4-AEDD-68B9DB16C5A5}.Release|x64.Build.0 = Release|Any CPU
		{4E478E2C-1E6B-49A4-AEDD-68B9DB16C5A5}.Release|x86.ActiveCfg = Release|Any CPU
		{4E478E2C-1E6B-49A4-AEDD-68B9DB16C5A5}.Release|x86.Build.0 = Release|Any CPU
		{76A055DB-676A-40D8-8290-2466D0848567}.Debug|Any CPU.ActiveCfg = Debug|Any CPU
		{76A055DB-676A-40D8-8290-2466D0848567}.Debug|Any CPU.Build.0 = Debug|Any CPU
		{76A055DB-676A-40D8-8290-2466D0848567}.Debug|x64.ActiveCfg = Debug|Any CPU
		{76A055DB-676A-40D8-8290-2466D0848567}.Debug|x64.Build.0 = Debug|Any CPU
		{76A055DB-676A-40D8-8290-2466D0848567}.Debug|x86.ActiveCfg = Debug|Any CPU
		{76A055DB-676A-40D8-8290-2466D0848567}.Debug|x86.Build.0 = Debug|Any CPU
		{76A055DB-676A-40D8-8290-2466D0848567}.Release|Any CPU.ActiveCfg = Release|Any CPU
		{76A055DB-676A-40D8-8290-2466D0848567}.Release|Any CPU.Build.0 = Release|Any CPU
		{76A055DB-676A-40D8-8290-2466D0848567}.Release|x64.ActiveCfg = Release|Any CPU
		{76A055DB-676A-40D8-8290-2466D0848567}.Release|x64.Build.0 = Release|Any CPU
		{76A055DB-676A-40D8-8290-2466D0848567}.Release|x86.ActiveCfg = Release|Any CPU
		{76A055DB-676A-40D8-8290-2466D0848567}.Release|x86.Build.0 = Release|Any CPU
	EndGlobalSection
	GlobalSection(SolutionProperties) = preSolution
		HideSolutionNode = FALSE
	EndGlobalSection
	GlobalSection(ExtensibilityGlobals) = postSolution
		SolutionGuid = {D82A4784-125A-48E8-B348-55815BB27271}
	EndGlobalSection
EndGlobal
